Microsoft Visual Studio Solution File, Format Version 12.00
# Visual Studio 2012
Project("{FAE04EC0-301F-11D3-BF4B-00C04F79EFBC}") = "Demo", "Demo.csproj", "{AF8254F4-A569-4723-B969-C3685E3EEFFC}"
EndProject
Global
	GlobalSection(SolutionConfigurationPlatforms) = preSolution
	Debug|Any CPU = Debug|Any CPU
	ExportDebug|Any CPU = ExportDebug|Any CPU
	ExportRelease|Any CPU = ExportRelease|Any CPU
	EndGlobalSection
	GlobalSection(ProjectConfigurationPlatforms) = postSolution
		{AF8254F4-A569-4723-B969-C3685E3EEFFC}.Debug|Any CPU.ActiveCfg = Debug|Any CPU
		{AF8254F4-A569-4723-B969-C3685E3EEFFC}.Debug|Any CPU.Build.0 = Debug|Any CPU
		{AF8254F4-A569-4723-B969-C3685E3EEFFC}.ExportDebug|Any CPU.ActiveCfg = ExportDebug|Any CPU
		{AF8254F4-A569-4723-B969-C3685E3EEFFC}.ExportDebug|Any CPU.Build.0 = ExportDebug|Any CPU
		{AF8254F4-A569-4723-B969-C3685E3EEFFC}.ExportRelease|Any CPU.ActiveCfg = ExportRelease|Any CPU
		{AF8254F4-A569-4723-B969-C3685E3EEFFC}.ExportRelease|Any CPU.Build.0 = ExportRelease|Any CPU
	EndGlobalSection
EndGlobal
