Microsoft Visual Studio Solution File, Format Version 12.00
# Visual Studio 2012
Project("{FAE04EC0-301F-11D3-BF4B-00C04F79EFBC}") = "Lab Five", "Lab Five.csproj", "{213416D5-5000-48DD-B86B-09929642D898}"
EndProject
Global
	GlobalSection(SolutionConfigurationPlatforms) = preSolution
	Debug|Any CPU = Debug|Any CPU
	ExportDebug|Any CPU = ExportDebug|Any CPU
	ExportRelease|Any CPU = ExportRelease|Any CPU
	EndGlobalSection
	GlobalSection(ProjectConfigurationPlatforms) = postSolution
		{213416D5-5000-48DD-B86B-09929642D898}.Debug|Any CPU.ActiveCfg = Debug|Any CPU
		{213416D5-5000-48DD-B86B-09929642D898}.Debug|Any CPU.Build.0 = Debug|Any CPU
		{213416D5-5000-48DD-B86B-09929642D898}.ExportDebug|Any CPU.ActiveCfg = ExportDebug|Any CPU
		{213416D5-5000-48DD-B86B-09929642D898}.ExportDebug|Any CPU.Build.0 = ExportDebug|Any CPU
		{213416D5-5000-48DD-B86B-09929642D898}.ExportRelease|Any CPU.ActiveCfg = ExportRelease|Any CPU
		{213416D5-5000-48DD-B86B-09929642D898}.ExportRelease|Any CPU.Build.0 = ExportRelease|Any CPU
	EndGlobalSection
EndGlobal
