Microsoft Visual Studio Solution File, Format Version 12.00
# Visual Studio 2012
Project("{FAE04EC0-301F-11D3-BF4B-00C04F79EFBC}") = "Meeting Two", "Meeting Two.csproj", "{A9597937-0368-43F8-8FAD-8792C5EEBB14}"
EndProject
Global
	GlobalSection(SolutionConfigurationPlatforms) = preSolution
	Debug|Any CPU = Debug|Any CPU
	ExportDebug|Any CPU = ExportDebug|Any CPU
	ExportRelease|Any CPU = ExportRelease|Any CPU
	EndGlobalSection
	GlobalSection(ProjectConfigurationPlatforms) = postSolution
		{A9597937-0368-43F8-8FAD-8792C5EEBB14}.Debug|Any CPU.ActiveCfg = Debug|Any CPU
		{A9597937-0368-43F8-8FAD-8792C5EEBB14}.Debug|Any CPU.Build.0 = Debug|Any CPU
		{A9597937-0368-43F8-8FAD-8792C5EEBB14}.ExportDebug|Any CPU.ActiveCfg = ExportDebug|Any CPU
		{A9597937-0368-43F8-8FAD-8792C5EEBB14}.ExportDebug|Any CPU.Build.0 = ExportDebug|Any CPU
		{A9597937-0368-43F8-8FAD-8792C5EEBB14}.ExportRelease|Any CPU.ActiveCfg = ExportRelease|Any CPU
		{A9597937-0368-43F8-8FAD-8792C5EEBB14}.ExportRelease|Any CPU.Build.0 = ExportRelease|Any CPU
	EndGlobalSection
EndGlobal
